// !$*UTF8*$!
{
	archiveVersion = 1;
	classes = {
	};
	objectVersion = 55;
	objects = {

/* Begin PBXBuildFile section */
		F54423952878BB2C002CC672 /* QuestionViewController.swift in Sources */ = {isa = PBXBuildFile; fileRef = F54423942878BB2C002CC672 /* QuestionViewController.swift */; };
		F544B9BF28FB21C4002181DE /* screenshots 05.png in Resources */ = {isa = PBXBuildFile; fileRef = F544B9BA28FB21C4002181DE /* screenshots 05.png */; };
		F544B9C028FB21C4002181DE /* screenshots 04.png in Resources */ = {isa = PBXBuildFile; fileRef = F544B9BB28FB21C4002181DE /* screenshots 04.png */; };
		F544B9C128FB21C4002181DE /* screenshots 03.png in Resources */ = {isa = PBXBuildFile; fileRef = F544B9BC28FB21C4002181DE /* screenshots 03.png */; };
		F544B9C228FB21C4002181DE /* screenshots 02.png in Resources */ = {isa = PBXBuildFile; fileRef = F544B9BD28FB21C4002181DE /* screenshots 02.png */; };
		F544B9C328FB21C4002181DE /* screenshots 01.png in Resources */ = {isa = PBXBuildFile; fileRef = F544B9BE28FB21C4002181DE /* screenshots 01.png */; };
		F55BEC67287A8FF60000BA98 /* Answer.swift in Sources */ = {isa = PBXBuildFile; fileRef = F55BEC66287A8FF60000BA98 /* Answer.swift */; };
		F55BEC69287A910E0000BA98 /* AnimalType.swift in Sources */ = {isa = PBXBuildFile; fileRef = F55BEC68287A910E0000BA98 /* AnimalType.swift */; };
		F55F641A2879F3EF008A28DC /* ResultsViewController.swift in Sources */ = {isa = PBXBuildFile; fileRef = F55F64192879F3EF008A28DC /* ResultsViewController.swift */; };
		F55F641F287A075C008A28DC /* Question.swift in Sources */ = {isa = PBXBuildFile; fileRef = F55F641E287A075C008A28DC /* Question.swift */; };
		F55F6421287A092A008A28DC /* responseType.swift in Sources */ = {isa = PBXBuildFile; fileRef = F55F6420287A092A008A28DC /* responseType.swift */; };
		F5DA6D0E287612250067B98C /* AppDelegate.swift in Sources */ = {isa = PBXBuildFile; fileRef = F5DA6D0D287612250067B98C /* AppDelegate.swift */; };
		F5DA6D10287612250067B98C /* SceneDelegate.swift in Sources */ = {isa = PBXBuildFile; fileRef = F5DA6D0F287612250067B98C /* SceneDelegate.swift */; };
		F5DA6D12287612250067B98C /* WelcomeViewController.swift in Sources */ = {isa = PBXBuildFile; fileRef = F5DA6D11287612250067B98C /* WelcomeViewController.swift */; };
		F5DA6D15287612250067B98C /* Main.storyboard in Resources */ = {isa = PBXBuildFile; fileRef = F5DA6D13287612250067B98C /* Main.storyboard */; };
		F5DA6D17287612270067B98C /* Assets.xcassets in Resources */ = {isa = PBXBuildFile; fileRef = F5DA6D16287612270067B98C /* Assets.xcassets */; };
		F5DA6D1A287612270067B98C /* LaunchScreen.storyboard in Resources */ = {isa = PBXBuildFile; fileRef = F5DA6D18287612270067B98C /* LaunchScreen.storyboard */; };
/* End PBXBuildFile section */

/* Begin PBXFileReference section */
		F54423942878BB2C002CC672 /* QuestionViewController.swift */ = {isa = PBXFileReference; lastKnownFileType = sourcecode.swift; path = QuestionViewController.swift; sourceTree = "<group>"; };
		F544B9BA28FB21C4002181DE /* screenshots 05.png */ = {isa = PBXFileReference; lastKnownFileType = image.png; path = "screenshots 05.png"; sourceTree = "<group>"; };
		F544B9BB28FB21C4002181DE /* screenshots 04.png */ = {isa = PBXFileReference; lastKnownFileType = image.png; path = "screenshots 04.png"; sourceTree = "<group>"; };
		F544B9BC28FB21C4002181DE /* screenshots 03.png */ = {isa = PBXFileReference; lastKnownFileType = image.png; path = "screenshots 03.png"; sourceTree = "<group>"; };
		F544B9BD28FB21C4002181DE /* screenshots 02.png */ = {isa = PBXFileReference; lastKnownFileType = image.png; path = "screenshots 02.png"; sourceTree = "<group>"; };
		F544B9BE28FB21C4002181DE /* screenshots 01.png */ = {isa = PBXFileReference; lastKnownFileType = image.png; path = "screenshots 01.png"; sourceTree = "<group>"; };
		F55BEC66287A8FF60000BA98 /* Answer.swift */ = {isa = PBXFileReference; lastKnownFileType = sourcecode.swift; path = Answer.swift; sourceTree = "<group>"; };
		F55BEC68287A910E0000BA98 /* AnimalType.swift */ = {isa = PBXFileReference; lastKnownFileType = sourcecode.swift; path = AnimalType.swift; sourceTree = "<group>"; };
		F55F64192879F3EF008A28DC /* ResultsViewController.swift */ = {isa = PBXFileReference; lastKnownFileType = sourcecode.swift; path = ResultsViewController.swift; sourceTree = "<group>"; };
		F55F641E287A075C008A28DC /* Question.swift */ = {isa = PBXFileReference; lastKnownFileType = sourcecode.swift; path = Question.swift; sourceTree = "<group>"; };
		F55F6420287A092A008A28DC /* responseType.swift */ = {isa = PBXFileReference; lastKnownFileType = sourcecode.swift; path = responseType.swift; sourceTree = "<group>"; };
		F5DA6D0A287612250067B98C /* Quiz 2022.app */ = {isa = PBXFileReference; explicitFileType = wrapper.application; includeInIndex = 0; path = "Quiz 2022.app"; sourceTree = BUILT_PRODUCTS_DIR; };
		F5DA6D0D287612250067B98C /* AppDelegate.swift */ = {isa = PBXFileReference; lastKnownFileType = sourcecode.swift; path = AppDelegate.swift; sourceTree = "<group>"; };
		F5DA6D0F287612250067B98C /* SceneDelegate.swift */ = {isa = PBXFileReference; lastKnownFileType = sourcecode.swift; path = SceneDelegate.swift; sourceTree = "<group>"; };
		F5DA6D11287612250067B98C /* WelcomeViewController.swift */ = {isa = PBXFileReference; lastKnownFileType = sourcecode.swift; path = WelcomeViewController.swift; sourceTree = "<group>"; };
		F5DA6D14287612250067B98C /* Base */ = {isa = PBXFileReference; lastKnownFileType = file.storyboard; name = Base; path = Base.lproj/Main.storyboard; sourceTree = "<group>"; };
		F5DA6D16287612270067B98C /* Assets.xcassets */ = {isa = PBXFileReference; lastKnownFileType = folder.assetcatalog; path = Assets.xcassets; sourceTree = "<group>"; };
		F5DA6D19287612270067B98C /* Base */ = {isa = PBXFileReference; lastKnownFileType = file.storyboard; name = Base; path = Base.lproj/LaunchScreen.storyboard; sourceTree = "<group>"; };
		F5DA6D1B287612270067B98C /* Info.plist */ = {isa = PBXFileReference; lastKnownFileType = text.plist.xml; path = Info.plist; sourceTree = "<group>"; };
/* End PBXFileReference section */

/* Begin PBXFrameworksBuildPhase section */
		F5DA6D07287612250067B98C /* Frameworks */ = {
			isa = PBXFrameworksBuildPhase;
			buildActionMask = 2147483647;
			files = (
			);
			runOnlyForDeploymentPostprocessing = 0;
		};
/* End PBXFrameworksBuildPhase section */

/* Begin PBXGroup section */
		F54423962878BB61002CC672 /* ViewControllers */ = {
			isa = PBXGroup;
			children = (
				F5DA6D11287612250067B98C /* WelcomeViewController.swift */,
				F54423942878BB2C002CC672 /* QuestionViewController.swift */,
				F55F64192879F3EF008A28DC /* ResultsViewController.swift */,
			);
			path = ViewControllers;
			sourceTree = "<group>";
		};
		F544B9B928FB21C4002181DE /* screenshots Quiz */ = {
			isa = PBXGroup;
			children = (
				F544B9BA28FB21C4002181DE /* screenshots 05.png */,
				F544B9BB28FB21C4002181DE /* screenshots 04.png */,
				F544B9BC28FB21C4002181DE /* screenshots 03.png */,
				F544B9BD28FB21C4002181DE /* screenshots 02.png */,
				F544B9BE28FB21C4002181DE /* screenshots 01.png */,
			);
			path = "screenshots Quiz";
			sourceTree = "<group>";
		};
		F55F641B2879FDA9008A28DC /* Models */ = {
			isa = PBXGroup;
			children = (
				F55F641E287A075C008A28DC /* Question.swift */,
				F55F6420287A092A008A28DC /* responseType.swift */,
				F55BEC66287A8FF60000BA98 /* Answer.swift */,
				F55BEC68287A910E0000BA98 /* AnimalType.swift */,
			);
			path = Models;
			sourceTree = "<group>";
		};
		F55F641C2879FDC9008A28DC /* View */ = {
			isa = PBXGroup;
			children = (
				F5DA6D18287612270067B98C /* LaunchScreen.storyboard */,
				F5DA6D13287612250067B98C /* Main.storyboard */,
			);
			path = View;
			sourceTree = "<group>";
		};
		F55F641D2879FFEB008A28DC /* APP */ = {
			isa = PBXGroup;
			children = (
				F5DA6D0D287612250067B98C /* AppDelegate.swift */,
				F5DA6D16287612270067B98C /* Assets.xcassets */,
				F5DA6D1B287612270067B98C /* Info.plist */,
				F5DA6D0F287612250067B98C /* SceneDelegate.swift */,
			);
			path = APP;
			sourceTree = "<group>";
		};
		F5DA6D01287612250067B98C = {
			isa = PBXGroup;
			children = (
				F5DA6D0C287612250067B98C /* Quiz 2022 */,
				F5DA6D0B287612250067B98C /* Products */,
			);
			sourceTree = "<group>";
		};
		F5DA6D0B287612250067B98C /* Products */ = {
			isa = PBXGroup;
			children = (
				F5DA6D0A287612250067B98C /* Quiz 2022.app */,
			);
			name = Products;
			sourceTree = "<group>";
		};
		F5DA6D0C287612250067B98C /* Quiz 2022 */ = {
			isa = PBXGroup;
			children = (
				F55F641D2879FFEB008A28DC /* APP */,
				F55F641B2879FDA9008A28DC /* Models */,
				F544B9B928FB21C4002181DE /* screenshots Quiz */,
				F55F641C2879FDC9008A28DC /* View */,
				F54423962878BB61002CC672 /* ViewControllers */,
			);
			path = "Quiz 2022";
			sourceTree = "<group>";
		};
/* End PBXGroup section */

/* Begin PBXNativeTarget section */
		F5DA6D09287612250067B98C /* Quiz 2022 */ = {
			isa = PBXNativeTarget;
			buildConfigurationList = F5DA6D1E287612270067B98C /* Build configuration list for PBXNativeTarget "Quiz 2022" */;
			buildPhases = (
				F5DA6D06287612250067B98C /* Sources */,
				F5DA6D07287612250067B98C /* Frameworks */,
				F5DA6D08287612250067B98C /* Resources */,
			);
			buildRules = (
			);
			dependencies = (
			);
			name = "Quiz 2022";
			productName = "Quiz 2022";
			productReference = F5DA6D0A287612250067B98C /* Quiz 2022.app */;
			productType = "com.apple.product-type.application";
		};
/* End PBXNativeTarget section */

/* Begin PBXProject section */
		F5DA6D02287612250067B98C /* Project object */ = {
			isa = PBXProject;
			attributes = {
				BuildIndependentTargetsInParallel = 1;
				LastSwiftUpdateCheck = 1320;
				LastUpgradeCheck = 1320;
				TargetAttributes = {
					F5DA6D09287612250067B98C = {
						CreatedOnToolsVersion = 13.2.1;
					};
				};
			};
			buildConfigurationList = F5DA6D05287612250067B98C /* Build configuration list for PBXProject "Quiz 2022" */;
			compatibilityVersion = "Xcode 13.0";
			developmentRegion = en;
			hasScannedForEncodings = 0;
			knownRegions = (
				en,
				Base,
			);
			mainGroup = F5DA6D01287612250067B98C;
			productRefGroup = F5DA6D0B287612250067B98C /* Products */;
			projectDirPath = "";
			projectRoot = "";
			targets = (
				F5DA6D09287612250067B98C /* Quiz 2022 */,
			);
		};
/* End PBXProject section */

/* Begin PBXResourcesBuildPhase section */
		F5DA6D08287612250067B98C /* Resources */ = {
			isa = PBXResourcesBuildPhase;
			buildActionMask = 2147483647;
			files = (
				F544B9C228FB21C4002181DE /* screenshots 02.png in Resources */,
				F5DA6D1A287612270067B98C /* LaunchScreen.storyboard in Resources */,
				F544B9C128FB21C4002181DE /* screenshots 03.png in Resources */,
				F5DA6D17287612270067B98C /* Assets.xcassets in Resources */,
				F544B9C028FB21C4002181DE /* screenshots 04.png in Resources */,
				F5DA6D15287612250067B98C /* Main.storyboard in Resources */,
				F544B9BF28FB21C4002181DE /* screenshots 05.png in Resources */,
				F544B9C328FB21C4002181DE /* screenshots 01.png in Resources */,
			);
			runOnlyForDeploymentPostprocessing = 0;
		};
/* End PBXResourcesBuildPhase section */

/* Begin PBXSourcesBuildPhase section */
		F5DA6D06287612250067B98C /* Sources */ = {
			isa = PBXSourcesBuildPhase;
			buildActionMask = 2147483647;
			files = (
				F5DA6D12287612250067B98C /* WelcomeViewController.swift in Sources */,
				F55F6421287A092A008A28DC /* responseType.swift in Sources */,
				F5DA6D0E287612250067B98C /* AppDelegate.swift in Sources */,
				F54423952878BB2C002CC672 /* QuestionViewController.swift in Sources */,
				F55F641F287A075C008A28DC /* Question.swift in Sources */,
				F55F641A2879F3EF008A28DC /* ResultsViewController.swift in Sources */,
				F5DA6D10287612250067B98C /* SceneDelegate.swift in Sources */,
				F55BEC67287A8FF60000BA98 /* Answer.swift in Sources */,
				F55BEC69287A910E0000BA98 /* AnimalType.swift in Sources */,
			);
			runOnlyForDeploymentPostprocessing = 0;
		};
/* End PBXSourcesBuildPhase section */

/* Begin PBXVariantGroup section */
		F5DA6D13287612250067B98C /* Main.storyboard */ = {
			isa = PBXVariantGroup;
			children = (
				F5DA6D14287612250067B98C /* Base */,
			);
			name = Main.storyboard;
			sourceTree = "<group>";
		};
		F5DA6D18287612270067B98C /* LaunchScreen.storyboard */ = {
			isa = PBXVariantGroup;
			children = (
				F5DA6D19287612270067B98C /* Base */,
			);
			name = LaunchScreen.storyboard;
			sourceTree = "<group>";
		};
/* End PBXVariantGroup section */

/* Begin XCBuildConfiguration section */
		F5DA6D1C287612270067B98C /* Debug */ = {
			isa = XCBuildConfiguration;
			buildSettings = {
				ALWAYS_SEARCH_USER_PATHS = NO;
				CLANG_ANALYZER_NONNULL = YES;
				CLANG_ANALYZER_NUMBER_OBJECT_CONVERSION = YES_AGGRESSIVE;
				CLANG_CXX_LANGUAGE_STANDARD = "gnu++17";
				CLANG_CXX_LIBRARY = "libc++";
				CLANG_ENABLE_MODULES = YES;
				CLANG_ENABLE_OBJC_ARC = YES;
				CLANG_ENABLE_OBJC_WEAK = YES;
				CLANG_WARN_BLOCK_CAPTURE_AUTORELEASING = YES;
				CLANG_WARN_BOOL_CONVERSION = YES;
				CLANG_WARN_COMMA = YES;
				CLANG_WARN_CONSTANT_CONVERSION = YES;
				CLANG_WARN_DEPRECATED_OBJC_IMPLEMENTATIONS = YES;
				CLANG_WARN_DIRECT_OBJC_ISA_USAGE = YES_ERROR;
				CLANG_WARN_DOCUMENTATION_COMMENTS = YES;
				CLANG_WARN_EMPTY_BODY = YES;
				CLANG_WARN_ENUM_CONVERSION = YES;
				CLANG_WARN_INFINITE_RECURSION = YES;
				CLANG_WARN_INT_CONVERSION = YES;
				CLANG_WARN_NON_LITERAL_NULL_CONVERSION = YES;
				CLANG_WARN_OBJC_IMPLICIT_RETAIN_SELF = YES;
				CLANG_WARN_OBJC_LITERAL_CONVERSION = YES;
				CLANG_WARN_OBJC_ROOT_CLASS = YES_ERROR;
				CLANG_WARN_QUOTED_INCLUDE_IN_FRAMEWORK_HEADER = YES;
				CLANG_WARN_RANGE_LOOP_ANALYSIS = YES;
				CLANG_WARN_STRICT_PROTOTYPES = YES;
				CLANG_WARN_SUSPICIOUS_MOVE = YES;
				CLANG_WARN_UNGUARDED_AVAILABILITY = YES_AGGRESSIVE;
				CLANG_WARN_UNREACHABLE_CODE = YES;
				CLANG_WARN__DUPLICATE_METHOD_MATCH = YES;
				COPY_PHASE_STRIP = NO;
				DEBUG_INFORMATION_FORMAT = dwarf;
				ENABLE_STRICT_OBJC_MSGSEND = YES;
				ENABLE_TESTABILITY = YES;
				GCC_C_LANGUAGE_STANDARD = gnu11;
				GCC_DYNAMIC_NO_PIC = NO;
				GCC_NO_COMMON_BLOCKS = YES;
				GCC_OPTIMIZATION_LEVEL = 0;
				GCC_PREPROCESSOR_DEFINITIONS = (
					"DEBUG=1",
					"$(inherited)",
				);
				GCC_WARN_64_TO_32_BIT_CONVERSION = YES;
				GCC_WARN_ABOUT_RETURN_TYPE = YES_ERROR;
				GCC_WARN_UNDECLARED_SELECTOR = YES;
				GCC_WARN_UNINITIALIZED_AUTOS = YES_AGGRESSIVE;
				GCC_WARN_UNUSED_FUNCTION = YES;
				GCC_WARN_UNUSED_VARIABLE = YES;
				INFOPLIST_FILE = Quiz2022/APP/info.plist;
				IPHONEOS_DEPLOYMENT_TARGET = 15.2;
				MTL_ENABLE_DEBUG_INFO = INCLUDE_SOURCE;
				MTL_FAST_MATH = YES;
				ONLY_ACTIVE_ARCH = YES;
				SDKROOT = iphoneos;
				SWIFT_ACTIVE_COMPILATION_CONDITIONS = DEBUG;
				SWIFT_OPTIMIZATION_LEVEL = "-Onone";
			};
			name = Debug;
		};
		F5DA6D1D287612270067B98C /* Release */ = {
			isa = XCBuildConfiguration;
			buildSettings = {
				ALWAYS_SEARCH_USER_PATHS = NO;
				CLANG_ANALYZER_NONNULL = YES;
				CLANG_ANALYZER_NUMBER_OBJECT_CONVERSION = YES_AGGRESSIVE;
				CLANG_CXX_LANGUAGE_STANDARD = "gnu++17";
				CLANG_CXX_LIBRARY = "libc++";
				CLANG_ENABLE_MODULES = YES;
				CLANG_ENABLE_OBJC_ARC = YES;
				CLANG_ENABLE_OBJC_WEAK = YES;
				CLANG_WARN_BLOCK_CAPTURE_AUTORELEASING = YES;
				CLANG_WARN_BOOL_CONVERSION = YES;
				CLANG_WARN_COMMA = YES;
				CLANG_WARN_CONSTANT_CONVERSION = YES;
				CLANG_WARN_DEPRECATED_OBJC_IMPLEMENTATIONS = YES;
				CLANG_WARN_DIRECT_OBJC_ISA_USAGE = YES_ERROR;
				CLANG_WARN_DOCUMENTATION_COMMENTS = YES;
				CLANG_WARN_EMPTY_BODY = YES;
				CLANG_WARN_ENUM_CONVERSION = YES;
				CLANG_WARN_INFINITE_RECURSION = YES;
				CLANG_WARN_INT_CONVERSION = YES;
				CLANG_WARN_NON_LITERAL_NULL_CONVERSION = YES;
				CLANG_WARN_OBJC_IMPLICIT_RETAIN_SELF = YES;
				CLANG_WARN_OBJC_LITERAL_CONVERSION = YES;
				CLANG_WARN_OBJC_ROOT_CLASS = YES_ERROR;
				CLANG_WARN_QUOTED_INCLUDE_IN_FRAMEWORK_HEADER = YES;
				CLANG_WARN_RANGE_LOOP_ANALYSIS = YES;
				CLANG_WARN_STRICT_PROTOTYPES = YES;
				CLANG_WARN_SUSPICIOUS_MOVE = YES;
				CLANG_WARN_UNGUARDED_AVAILABILITY = YES_AGGRESSIVE;
				CLANG_WARN_UNREACHABLE_CODE = YES;
				CLANG_WARN__DUPLICATE_METHOD_MATCH = YES;
				COPY_PHASE_STRIP = NO;
				DEBUG_INFORMATION_FORMAT = "dwarf-with-dsym";
				ENABLE_NS_ASSERTIONS = NO;
				ENABLE_STRICT_OBJC_MSGSEND = YES;
				GCC_C_LANGUAGE_STANDARD = gnu11;
				GCC_NO_COMMON_BLOCKS = YES;
				GCC_WARN_64_TO_32_BIT_CONVERSION = YES;
				GCC_WARN_ABOUT_RETURN_TYPE = YES_ERROR;
				GCC_WARN_UNDECLARED_SELECTOR = YES;
				GCC_WARN_UNINITIALIZED_AUTOS = YES_AGGRESSIVE;
				GCC_WARN_UNUSED_FUNCTION = YES;
				GCC_WARN_UNUSED_VARIABLE = YES;
				INFOPLIST_FILE = Quiz2022/APP/info.plist;
				IPHONEOS_DEPLOYMENT_TARGET = 15.2;
				MTL_ENABLE_DEBUG_INFO = NO;
				MTL_FAST_MATH = YES;
				SDKROOT = iphoneos;
				SWIFT_COMPILATION_MODE = wholemodule;
				SWIFT_OPTIMIZATION_LEVEL = "-O";
				VALIDATE_PRODUCT = YES;
			};
			name = Release;
		};
		F5DA6D1F287612270067B98C /* Debug */ = {
			isa = XCBuildConfiguration;
			buildSettings = {
				ASSETCATALOG_COMPILER_APPICON_NAME = AppIcon;
				ASSETCATALOG_COMPILER_GLOBAL_ACCENT_COLOR_NAME = AccentColor;
				CODE_SIGN_STYLE = Automatic;
				CURRENT_PROJECT_VERSION = 1;
				DEVELOPMENT_TEAM = UH6GZDAD93;
				GENERATE_INFOPLIST_FILE = YES;
				INFOPLIST_FILE = "Quiz 2022/APP/Info.plist";
				INFOPLIST_KEY_UIApplicationSupportsIndirectInputEvents = YES;
				INFOPLIST_KEY_UILaunchStoryboardName = LaunchScreen;
				INFOPLIST_KEY_UIMainStoryboardFile = Main;
				INFOPLIST_KEY_UISupportedInterfaceOrientations_iPad = "UIInterfaceOrientationPortrait UIInterfaceOrientationPortraitUpsideDown UIInterfaceOrientationLandscapeLeft UIInterfaceOrientationLandscapeRight";
				INFOPLIST_KEY_UISupportedInterfaceOrientations_iPhone = "UIInterfaceOrientationPortrait UIInterfaceOrientationLandscapeLeft UIInterfaceOrientationLandscapeRight";
				LD_RUNPATH_SEARCH_PATHS = (
					"$(inherited)",
					"@executable_path/Frameworks",
				);
				MARKETING_VERSION = 1.0;
				PRODUCT_BUNDLE_IDENTIFIER = "com.musatovvlad.Quiz-2022";
				PRODUCT_NAME = "$(TARGET_NAME)";
				SWIFT_EMIT_LOC_STRINGS = YES;
				SWIFT_VERSION = 5.0;
				TARGETED_DEVICE_FAMILY = "1,2";
			};
			name = Debug;
		};
		F5DA6D20287612270067B98C /* Release */ = {
			isa = XCBuildConfiguration;
			buildSettings = {
				ASSETCATALOG_COMPILER_APPICON_NAME = AppIcon;
				ASSETCATALOG_COMPILER_GLOBAL_ACCENT_COLOR_NAME = AccentColor;
				CODE_SIGN_STYLE = Automatic;
				CURRENT_PROJECT_VERSION = 1;
				DEVELOPMENT_TEAM = UH6GZDAD93;
				GENERATE_INFOPLIST_FILE = YES;
				INFOPLIST_FILE = "Quiz 2022/APP/Info.plist";
				INFOPLIST_KEY_UIApplicationSupportsIndirectInputEvents = YES;
				INFOPLIST_KEY_UILaunchStoryboardName = LaunchScreen;
				INFOPLIST_KEY_UIMainStoryboardFile = Main;
				INFOPLIST_KEY_UISupportedInterfaceOrientations_iPad = "UIInterfaceOrientationPortrait UIInterfaceOrientationPortraitUpsideDown UIInterfaceOrientationLandscapeLeft UIInterfaceOrientationLandscapeRight";
				INFOPLIST_KEY_UISupportedInterfaceOrientations_iPhone = "UIInterfaceOrientationPortrait UIInterfaceOrientationLandscapeLeft UIInterfaceOrientationLandscapeRight";
				LD_RUNPATH_SEARCH_PATHS = (
					"$(inherited)",
					"@executable_path/Frameworks",
				);
				MARKETING_VERSION = 1.0;
				PRODUCT_BUNDLE_IDENTIFIER = "com.musatovvlad.Quiz-2022";
				PRODUCT_NAME = "$(TARGET_NAME)";
				SWIFT_EMIT_LOC_STRINGS = YES;
				SWIFT_VERSION = 5.0;
				TARGETED_DEVICE_FAMILY = "1,2";
			};
			name = Release;
		};
/* End XCBuildConfiguration section */

/* Begin XCConfigurationList section */
		F5DA6D05287612250067B98C /* Build configuration list for PBXProject "Quiz 2022" */ = {
			isa = XCConfigurationList;
			buildConfigurations = (
				F5DA6D1C287612270067B98C /* Debug */,
				F5DA6D1D287612270067B98C /* Release */,
			);
			defaultConfigurationIsVisible = 0;
			defaultConfigurationName = Release;
		};
		F5DA6D1E287612270067B98C /* Build configuration list for PBXNativeTarget "Quiz 2022" */ = {
			isa = XCConfigurationList;
			buildConfigurations = (
				F5DA6D1F287612270067B98C /* Debug */,
				F5DA6D20287612270067B98C /* Release */,
			);
			defaultConfigurationIsVisible = 0;
			defaultConfigurationName = Release;
		};
/* End XCConfigurationList section */
	};
	rootObject = F5DA6D02287612250067B98C /* Project object */;
}
